
Microsoft Visual Studio Solution File, Format Version 12.00
# Visual Studio 2013
VisualStudioVersion = 12.0.21005.1
MinimumVisualStudioVersion = 10.0.40219.1
Project("{FAE04EC0-301F-11D3-BF4B-00C04F79EFBC}") = "Santase.Logic", "Santase.Logic\Santase.Logic.csproj", "{9FB49E65-80F2-4973-AB34-9D96E93F6532}"
EndProject
Project("{FAE04EC0-301F-11D3-BF4B-00C04F79EFBC}") = "Santase.ConsoleUI", "Santase.ConsoleUI\Santase.ConsoleUI.csproj", "{35D636A6-8CBD-4231-AD5B-6A5DC86DB82E}"
EndProject
Global
	GlobalSection(SolutionConfigurationPlatforms) = preSolution
		Debug|Any CPU = Debug|Any CPU
		Release|Any CPU = Release|Any CPU
	EndGlobalSection
	GlobalSection(ProjectConfigurationPlatforms) = postSolution
		{9FB49E65-80F2-4973-AB34-9D96E93F6532}.Debug|Any CPU.ActiveCfg = Debug|Any CPU
		{9FB49E65-80F2-4973-AB34-9D96E93F6532}.Debug|Any CPU.Build.0 = Debug|Any CPU
		{9FB49E65-80F2-4973-AB34-9D96E93F6532}.Release|Any CPU.ActiveCfg = Release|Any CPU
		{9FB49E65-80F2-4973-AB34-9D96E93F6532}.Release|Any CPU.Build.0 = Release|Any CPU
		{35D636A6-8CBD-4231-AD5B-6A5DC86DB82E}.Debug|Any CPU.ActiveCfg = Debug|Any CPU
		{35D636A6-8CBD-4231-AD5B-6A5DC86DB82E}.Debug|Any CPU.Build.0 = Debug|Any CPU
		{35D636A6-8CBD-4231-AD5B-6A5DC86DB82E}.Release|Any CPU.ActiveCfg = Release|Any CPU
		{35D636A6-8CBD-4231-AD5B-6A5DC86DB82E}.Release|Any CPU.Build.0 = Release|Any CPU
	EndGlobalSection
	GlobalSection(SolutionProperties) = preSolution
		HideSolutionNode = FALSE
	EndGlobalSection
EndGlobal
